// !$*UTF8*$!
{
	archiveVersion = 1;
	classes = {
	};
	objectVersion = 46;
	objects = {

/* Begin PBXBuildFile section */
		636292AF1D9A58230021F4F3 /* main.m in Sources */ = {isa = PBXBuildFile; fileRef = 636292AE1D9A58230021F4F3 /* main.m */; };
		636292B21D9A58230021F4F3 /* AppDelegate.m in Sources */ = {isa = PBXBuildFile; fileRef = 636292B11D9A58230021F4F3 /* AppDelegate.m */; };
		636292B51D9A58230021F4F3 /* ViewController.m in Sources */ = {isa = PBXBuildFile; fileRef = 636292B41D9A58230021F4F3 /* ViewController.m */; };
		636292B81D9A58230021F4F3 /* Main.storyboard in Resources */ = {isa = PBXBuildFile; fileRef = 636292B61D9A58230021F4F3 /* Main.storyboard */; };
		636292BA1D9A58230021F4F3 /* Assets.xcassets in Resources */ = {isa = PBXBuildFile; fileRef = 636292B91D9A58230021F4F3 /* Assets.xcassets */; };
		636292BD1D9A58230021F4F3 /* LaunchScreen.storyboard in Resources */ = {isa = PBXBuildFile; fileRef = 636292BB1D9A58230021F4F3 /* LaunchScreen.storyboard */; };
		636292C61D9A58820021F4F3 /* HttpTools.m in Sources */ = {isa = PBXBuildFile; fileRef = 636292C51D9A58820021F4F3 /* HttpTools.m */; };
/* End PBXBuildFile section */

/* Begin PBXFileReference section */
		636292AA1D9A58230021F4F3 /* 01-Block的回顾.app */ = {isa = PBXFileReference; explicitFileType = wrapper.application; includeInIndex = 0; path = "01-Block的回顾.app"; sourceTree = BUILT_PRODUCTS_DIR; };
		636292AE1D9A58230021F4F3 /* main.m */ = {isa = PBXFileReference; lastKnownFileType = sourcecode.c.objc; path = main.m; sourceTree = "<group>"; };
		636292B01D9A58230021F4F3 /* AppDelegate.h */ = {isa = PBXFileReference; lastKnownFileType = sourcecode.c.h; path = AppDelegate.h; sourceTree = "<group>"; };
		636292B11D9A58230021F4F3 /* AppDelegate.m */ = {isa = PBXFileReference; lastKnownFileType = sourcecode.c.objc; path = AppDelegate.m; sourceTree = "<group>"; };
		636292B31D9A58230021F4F3 /* ViewController.h */ = {isa = PBXFileReference; lastKnownFileType = sourcecode.c.h; path = ViewController.h; sourceTree = "<group>"; };
		636292B41D9A58230021F4F3 /* ViewController.m */ = {isa = PBXFileReference; lastKnownFileType = sourcecode.c.objc; path = ViewController.m; sourceTree = "<group>"; };
		636292B71D9A58230021F4F3 /* Base */ = {isa = PBXFileReference; lastKnownFileType = file.storyboard; name = Base; path = Base.lproj/Main.storyboard; sourceTree = "<group>"; };
		636292B91D9A58230021F4F3 /* Assets.xcassets */ = {isa = PBXFileReference; lastKnownFileType = folder.assetcatalog; path = Assets.xcassets; sourceTree = "<group>"; };
		636292BC1D9A58230021F4F3 /* Base */ = {isa = PBXFileReference; lastKnownFileType = file.storyboard; name = Base; path = Base.lproj/LaunchScreen.storyboard; sourceTree = "<group>"; };
		636292BE1D9A58230021F4F3 /* Info.plist */ = {isa = PBXFileReference; lastKnownFileType = text.plist.xml; path = Info.plist; sourceTree = "<group>"; };
		636292C41D9A58820021F4F3 /* HttpTools.h */ = {isa = PBXFileReference; fileEncoding = 4; lastKnownFileType = sourcecode.c.h; path = HttpTools.h; sourceTree = "<group>"; };
		636292C51D9A58820021F4F3 /* HttpTools.m */ = {isa = PBXFileReference; fileEncoding = 4; lastKnownFileType = sourcecode.c.objc; path = HttpTools.m; sourceTree = "<group>"; };
/* End PBXFileReference section */

/* Begin PBXFrameworksBuildPhase section */
		636292A71D9A58230021F4F3 /* Frameworks */ = {
			isa = PBXFrameworksBuildPhase;
			buildActionMask = 2147483647;
			files = (
			);
			runOnlyForDeploymentPostprocessing = 0;
		};
/* End PBXFrameworksBuildPhase section */

/* Begin PBXGroup section */
		636292A11D9A58230021F4F3 = {
			isa = PBXGroup;
			children = (
				636292AC1D9A58230021F4F3 /* 01-Block的回顾 */,
				636292AB1D9A58230021F4F3 /* Products */,
			);
			sourceTree = "<group>";
		};
		636292AB1D9A58230021F4F3 /* Products */ = {
			isa = PBXGroup;
			children = (
				636292AA1D9A58230021F4F3 /* 01-Block的回顾.app */,
			);
			name = Products;
			sourceTree = "<group>";
		};
		636292AC1D9A58230021F4F3 /* 01-Block的回顾 */ = {
			isa = PBXGroup;
			children = (
				636292B01D9A58230021F4F3 /* AppDelegate.h */,
				636292B11D9A58230021F4F3 /* AppDelegate.m */,
				636292B31D9A58230021F4F3 /* ViewController.h */,
				636292B41D9A58230021F4F3 /* ViewController.m */,
				636292B61D9A58230021F4F3 /* Main.storyboard */,
				636292B91D9A58230021F4F3 /* Assets.xcassets */,
				636292BB1D9A58230021F4F3 /* LaunchScreen.storyboard */,
				636292BE1D9A58230021F4F3 /* Info.plist */,
				636292AD1D9A58230021F4F3 /* Supporting Files */,
				636292C41D9A58820021F4F3 /* HttpTools.h */,
				636292C51D9A58820021F4F3 /* HttpTools.m */,
			);
			path = "01-Block的回顾";
			sourceTree = "<group>";
		};
		636292AD1D9A58230021F4F3 /* Supporting Files */ = {
			isa = PBXGroup;
			children = (
				636292AE1D9A58230021F4F3 /* main.m */,
			);
			name = "Supporting Files";
			sourceTree = "<group>";
		};
/* End PBXGroup section */

/* Begin PBXNativeTarget section */
		636292A91D9A58230021F4F3 /* 01-Block的回顾 */ = {
			isa = PBXNativeTarget;
			buildConfigurationList = 636292C11D9A58230021F4F3 /* Build configuration list for PBXNativeTarget "01-Block的回顾" */;
			buildPhases = (
				636292A61D9A58230021F4F3 /* Sources */,
				636292A71D9A58230021F4F3 /* Frameworks */,
				636292A81D9A58230021F4F3 /* Resources */,
			);
			buildRules = (
			);
			dependencies = (
			);
			name = "01-Block的回顾";
			productName = "01-Block的回顾";
			productReference = 636292AA1D9A58230021F4F3 /* 01-Block的回顾.app */;
			productType = "com.apple.product-type.application";
		};
/* End PBXNativeTarget section */

/* Begin PBXProject section */
		636292A21D9A58230021F4F3 /* Project object */ = {
			isa = PBXProject;
			attributes = {
				LastUpgradeCheck = 0800;
				ORGANIZATIONNAME = "小码哥";
				TargetAttributes = {
					636292A91D9A58230021F4F3 = {
						CreatedOnToolsVersion = 8.0;
						ProvisioningStyle = Automatic;
					};
				};
			};
			buildConfigurationList = 636292A51D9A58230021F4F3 /* Build configuration list for PBXProject "01-Block的回顾" */;
			compatibilityVersion = "Xcode 3.2";
			developmentRegion = English;
			hasScannedForEncodings = 0;
			knownRegions = (
				en,
				Base,
			);
			mainGroup = 636292A11D9A58230021F4F3;
			productRefGroup = 636292AB1D9A58230021F4F3 /* Products */;
			projectDirPath = "";
			projectRoot = "";
			targets = (
				636292A91D9A58230021F4F3 /* 01-Block的回顾 */,
			);
		};
/* End PBXProject section */

/* Begin PBXResourcesBuildPhase section */
		636292A81D9A58230021F4F3 /* Resources */ = {
			isa = PBXResourcesBuildPhase;
			buildActionMask = 2147483647;
			files = (
				636292BD1D9A58230021F4F3 /* LaunchScreen.storyboard in Resources */,
				636292BA1D9A58230021F4F3 /* Assets.xcassets in Resources */,
				636292B81D9A58230021F4F3 /* Main.storyboard in Resources */,
			);
			runOnlyForDeploymentPostprocessing = 0;
		};
/* End PBXResourcesBuildPhase section */

/* Begin PBXSourcesBuildPhase section */
		636292A61D9A58230021F4F3 /* Sources */ = {
			isa = PBXSourcesBuildPhase;
			buildActionMask = 2147483647;
			files = (
				636292B51D9A58230021F4F3 /* ViewController.m in Sources */,
				636292B21D9A58230021F4F3 /* AppDelegate.m in Sources */,
				636292AF1D9A58230021F4F3 /* main.m in Sources */,
				636292C61D9A58820021F4F3 /* HttpTools.m in Sources */,
			);
			runOnlyForDeploymentPostprocessing = 0;
		};
/* End PBXSourcesBuildPhase section */

/* Begin PBXVariantGroup section */
		636292B61D9A58230021F4F3 /* Main.storyboard */ = {
			isa = PBXVariantGroup;
			children = (
				636292B71D9A58230021F4F3 /* Base */,
			);
			name = Main.storyboard;
			sourceTree = "<group>";
		};
		636292BB1D9A58230021F4F3 /* LaunchScreen.storyboard */ = {
			isa = PBXVariantGroup;
			children = (
				636292BC1D9A58230021F4F3 /* Base */,
			);
			name = LaunchScreen.storyboard;
			sourceTree = "<group>";
		};
/* End PBXVariantGroup section */

/* Begin XCBuildConfiguration section */
		636292BF1D9A58230021F4F3 /* Debug */ = {
			isa = XCBuildConfiguration;
			buildSettings = {
				ALWAYS_SEARCH_USER_PATHS = NO;
				CLANG_ANALYZER_NONNULL = YES;
				CLANG_CXX_LANGUAGE_STANDARD = "gnu++0x";
				CLANG_CXX_LIBRARY = "libc++";
				CLANG_ENABLE_MODULES = YES;
				CLANG_ENABLE_OBJC_ARC = YES;
				CLANG_WARN_BOOL_CONVERSION = YES;
				CLANG_WARN_CONSTANT_CONVERSION = YES;
				CLANG_WARN_DIRECT_OBJC_ISA_USAGE = YES_ERROR;
				CLANG_WARN_DOCUMENTATION_COMMENTS = YES;
				CLANG_WARN_EMPTY_BODY = YES;
				CLANG_WARN_ENUM_CONVERSION = YES;
				CLANG_WARN_INFINITE_RECURSION = YES;
				CLANG_WARN_INT_CONVERSION = YES;
				CLANG_WARN_OBJC_ROOT_CLASS = YES_ERROR;
				CLANG_WARN_SUSPICIOUS_MOVES = YES;
				CLANG_WARN_UNREACHABLE_CODE = YES;
				CLANG_WARN__DUPLICATE_METHOD_MATCH = YES;
				"CODE_SIGN_IDENTITY[sdk=iphoneos*]" = "iPhone Developer";
				COPY_PHASE_STRIP = NO;
				DEBUG_INFORMATION_FORMAT = dwarf;
				ENABLE_STRICT_OBJC_MSGSEND = YES;
				ENABLE_TESTABILITY = YES;
				GCC_C_LANGUAGE_STANDARD = gnu99;
				GCC_DYNAMIC_NO_PIC = NO;
				GCC_NO_COMMON_BLOCKS = YES;
				GCC_OPTIMIZATION_LEVEL = 0;
				GCC_PREPROCESSOR_DEFINITIONS = (
					"DEBUG=1",
					"$(inherited)",
				);
				GCC_WARN_64_TO_32_BIT_CONVERSION = YES;
				GCC_WARN_ABOUT_RETURN_TYPE = YES_ERROR;
				GCC_WARN_UNDECLARED_SELECTOR = YES;
				GCC_WARN_UNINITIALIZED_AUTOS = YES_AGGRESSIVE;
				GCC_WARN_UNUSED_FUNCTION = YES;
				GCC_WARN_UNUSED_VARIABLE = YES;
				IPHONEOS_DEPLOYMENT_TARGET = 10.0;
				MTL_ENABLE_DEBUG_INFO = YES;
				ONLY_ACTIVE_ARCH = YES;
				SDKROOT = iphoneos;
			};
			name = Debug;
		};
		636292C01D9A58230021F4F3 /* Release */ = {
			isa = XCBuildConfiguration;
			buildSettings = {
				ALWAYS_SEARCH_USER_PATHS = NO;
				CLANG_ANALYZER_NONNULL = YES;
				CLANG_CXX_LANGUAGE_STANDARD = "gnu++0x";
				CLANG_CXX_LIBRARY = "libc++";
				CLANG_ENABLE_MODULES = YES;
				CLANG_ENABLE_OBJC_ARC = YES;
				CLANG_WARN_BOOL_CONVERSION = YES;
				CLANG_WARN_CONSTANT_CONVERSION = YES;
				CLANG_WARN_DIRECT_OBJC_ISA_USAGE = YES_ERROR;
				CLANG_WARN_DOCUMENTATION_COMMENTS = YES;
				CLANG_WARN_EMPTY_BODY = YES;
				CLANG_WARN_ENUM_CONVERSION = YES;
				CLANG_WARN_INFINITE_RECURSION = YES;
				CLANG_WARN_INT_CONVERSION = YES;
				CLANG_WARN_OBJC_ROOT_CLASS = YES_ERROR;
				CLANG_WARN_SUSPICIOUS_MOVES = YES;
				CLANG_WARN_UNREACHABLE_CODE = YES;
				CLANG_WARN__DUPLICATE_METHOD_MATCH = YES;
				"CODE_SIGN_IDENTITY[sdk=iphoneos*]" = "iPhone Developer";
				COPY_PHASE_STRIP = NO;
				DEBUG_INFORMATION_FORMAT = "dwarf-with-dsym";
				ENABLE_NS_ASSERTIONS = NO;
				ENABLE_STRICT_OBJC_MSGSEND = YES;
				GCC_C_LANGUAGE_STANDARD = gnu99;
				GCC_NO_COMMON_BLOCKS = YES;
				GCC_WARN_64_TO_32_BIT_CONVERSION = YES;
				GCC_WARN_ABOUT_RETURN_TYPE = YES_ERROR;
				GCC_WARN_UNDECLARED_SELECTOR = YES;
				GCC_WARN_UNINITIALIZED_AUTOS = YES_AGGRESSIVE;
				GCC_WARN_UNUSED_FUNCTION = YES;
				GCC_WARN_UNUSED_VARIABLE = YES;
				IPHONEOS_DEPLOYMENT_TARGET = 10.0;
				MTL_ENABLE_DEBUG_INFO = NO;
				SDKROOT = iphoneos;
				VALIDATE_PRODUCT = YES;
			};
			name = Release;
		};
		636292C21D9A58230021F4F3 /* Debug */ = {
			isa = XCBuildConfiguration;
			buildSettings = {
				ASSETCATALOG_COMPILER_APPICON_NAME = AppIcon;
				INFOPLIST_FILE = "01-Block的回顾/Info.plist";
				LD_RUNPATH_SEARCH_PATHS = "$(inherited) @executable_path/Frameworks";
				PRODUCT_BUNDLE_IDENTIFIER = "com.520it.-1-Block---";
				PRODUCT_NAME = "$(TARGET_NAME)";
			};
			name = Debug;
		};
		636292C31D9A58230021F4F3 /* Release */ = {
			isa = XCBuildConfiguration;
			buildSettings = {
				ASSETCATALOG_COMPILER_APPICON_NAME = AppIcon;
				INFOPLIST_FILE = "01-Block的回顾/Info.plist";
				LD_RUNPATH_SEARCH_PATHS = "$(inherited) @executable_path/Frameworks";
				PRODUCT_BUNDLE_IDENTIFIER = "com.520it.-1-Block---";
				PRODUCT_NAME = "$(TARGET_NAME)";
			};
			name = Release;
		};
/* End XCBuildConfiguration section */

/* Begin XCConfigurationList section */
		636292A51D9A58230021F4F3 /* Build configuration list for PBXProject "01-Block的回顾" */ = {
			isa = XCConfigurationList;
			buildConfigurations = (
				636292BF1D9A58230021F4F3 /* Debug */,
				636292C01D9A58230021F4F3 /* Release */,
			);
			defaultConfigurationIsVisible = 0;
			defaultConfigurationName = Release;
		};
		636292C11D9A58230021F4F3 /* Build configuration list for PBXNativeTarget "01-Block的回顾" */ = {
			isa = XCConfigurationList;
			buildConfigurations = (
				636292C21D9A58230021F4F3 /* Debug */,
				636292C31D9A58230021F4F3 /* Release */,
			);
			defaultConfigurationIsVisible = 0;
		};
/* End XCConfigurationList section */
	};
	rootObject = 636292A21D9A58230021F4F3 /* Project object */;
}
