// !$*UTF8*$!
{
	archiveVersion = 1;
	classes = {
	};
	objectVersion = 46;
	objects = {

/* Begin PBXBuildFile section */
		0BBCD6501D9C6AF713CE3F77 /* Pods_News.framework in Frameworks */ = {isa = PBXBuildFile; fileRef = 84894372760279A3FDF8FA43 /* Pods_News.framework */; };
		630F2BFA1D9B9BEC00BDD3FD /* AppDelegate.swift in Sources */ = {isa = PBXBuildFile; fileRef = 630F2BF91D9B9BEC00BDD3FD /* AppDelegate.swift */; };
		630F2BFF1D9B9BEC00BDD3FD /* Main.storyboard in Resources */ = {isa = PBXBuildFile; fileRef = 630F2BFD1D9B9BEC00BDD3FD /* Main.storyboard */; };
		630F2C011D9B9BEC00BDD3FD /* Assets.xcassets in Resources */ = {isa = PBXBuildFile; fileRef = 630F2C001D9B9BEC00BDD3FD /* Assets.xcassets */; };
		630F2C041D9B9BEC00BDD3FD /* LaunchScreen.storyboard in Resources */ = {isa = PBXBuildFile; fileRef = 630F2C021D9B9BEC00BDD3FD /* LaunchScreen.storyboard */; };
		630F2C131D9BA82F00BDD3FD /* HomeViewController.swift in Sources */ = {isa = PBXBuildFile; fileRef = 630F2C0F1D9BA82F00BDD3FD /* HomeViewController.swift */; };
		630F2C151D9BA84A00BDD3FD /* NetworkTools.swift in Sources */ = {isa = PBXBuildFile; fileRef = 630F2C141D9BA84A00BDD3FD /* NetworkTools.swift */; };
/* End PBXBuildFile section */

/* Begin PBXFileReference section */
		1BC44A80E6BFC3E2F30B60CF /* Pods-News.release.xcconfig */ = {isa = PBXFileReference; includeInIndex = 1; lastKnownFileType = text.xcconfig; name = "Pods-News.release.xcconfig"; path = "Pods/Target Support Files/Pods-News/Pods-News.release.xcconfig"; sourceTree = "<group>"; };
		630F2BF61D9B9BEC00BDD3FD /* News.app */ = {isa = PBXFileReference; explicitFileType = wrapper.application; includeInIndex = 0; path = News.app; sourceTree = BUILT_PRODUCTS_DIR; };
		630F2BF91D9B9BEC00BDD3FD /* AppDelegate.swift */ = {isa = PBXFileReference; lastKnownFileType = sourcecode.swift; path = AppDelegate.swift; sourceTree = "<group>"; };
		630F2BFE1D9B9BEC00BDD3FD /* Base */ = {isa = PBXFileReference; lastKnownFileType = file.storyboard; name = Base; path = Base.lproj/Main.storyboard; sourceTree = "<group>"; };
		630F2C001D9B9BEC00BDD3FD /* Assets.xcassets */ = {isa = PBXFileReference; lastKnownFileType = folder.assetcatalog; path = Assets.xcassets; sourceTree = "<group>"; };
		630F2C031D9B9BEC00BDD3FD /* Base */ = {isa = PBXFileReference; lastKnownFileType = file.storyboard; name = Base; path = Base.lproj/LaunchScreen.storyboard; sourceTree = "<group>"; };
		630F2C051D9B9BEC00BDD3FD /* Info.plist */ = {isa = PBXFileReference; lastKnownFileType = text.plist.xml; path = Info.plist; sourceTree = "<group>"; };
		630F2C0F1D9BA82F00BDD3FD /* HomeViewController.swift */ = {isa = PBXFileReference; fileEncoding = 4; lastKnownFileType = sourcecode.swift; path = HomeViewController.swift; sourceTree = "<group>"; };
		630F2C141D9BA84A00BDD3FD /* NetworkTools.swift */ = {isa = PBXFileReference; fileEncoding = 4; lastKnownFileType = sourcecode.swift; path = NetworkTools.swift; sourceTree = "<group>"; };
		84894372760279A3FDF8FA43 /* Pods_News.framework */ = {isa = PBXFileReference; explicitFileType = wrapper.framework; includeInIndex = 0; path = Pods_News.framework; sourceTree = BUILT_PRODUCTS_DIR; };
		F3866F1C71FC2BABA0559861 /* Pods-News.debug.xcconfig */ = {isa = PBXFileReference; includeInIndex = 1; lastKnownFileType = text.xcconfig; name = "Pods-News.debug.xcconfig"; path = "Pods/Target Support Files/Pods-News/Pods-News.debug.xcconfig"; sourceTree = "<group>"; };
/* End PBXFileReference section */

/* Begin PBXFrameworksBuildPhase section */
		630F2BF31D9B9BEC00BDD3FD /* Frameworks */ = {
			isa = PBXFrameworksBuildPhase;
			buildActionMask = 2147483647;
			files = (
				0BBCD6501D9C6AF713CE3F77 /* Pods_News.framework in Frameworks */,
			);
			runOnlyForDeploymentPostprocessing = 0;
		};
/* End PBXFrameworksBuildPhase section */

/* Begin PBXGroup section */
		3CB4C45F626CED34D8A6F562 /* Pods */ = {
			isa = PBXGroup;
			children = (
				F3866F1C71FC2BABA0559861 /* Pods-News.debug.xcconfig */,
				1BC44A80E6BFC3E2F30B60CF /* Pods-News.release.xcconfig */,
			);
			name = Pods;
			sourceTree = "<group>";
		};
		630F2BED1D9B9BEC00BDD3FD = {
			isa = PBXGroup;
			children = (
				630F2BF81D9B9BEC00BDD3FD /* News */,
				630F2BF71D9B9BEC00BDD3FD /* Products */,
				3CB4C45F626CED34D8A6F562 /* Pods */,
				CB76F9DE70F881BB43CA62EE /* Frameworks */,
			);
			sourceTree = "<group>";
		};
		630F2BF71D9B9BEC00BDD3FD /* Products */ = {
			isa = PBXGroup;
			children = (
				630F2BF61D9B9BEC00BDD3FD /* News.app */,
			);
			name = Products;
			sourceTree = "<group>";
		};
		630F2BF81D9B9BEC00BDD3FD /* News */ = {
			isa = PBXGroup;
			children = (
				630F2C0D1D9BA82F00BDD3FD /* Classes */,
				630F2BF91D9B9BEC00BDD3FD /* AppDelegate.swift */,
				630F2BFD1D9B9BEC00BDD3FD /* Main.storyboard */,
				630F2C001D9B9BEC00BDD3FD /* Assets.xcassets */,
				630F2C021D9B9BEC00BDD3FD /* LaunchScreen.storyboard */,
				630F2C051D9B9BEC00BDD3FD /* Info.plist */,
			);
			path = News;
			sourceTree = "<group>";
		};
		630F2C0D1D9BA82F00BDD3FD /* Classes */ = {
			isa = PBXGroup;
			children = (
				630F2C101D9BA82F00BDD3FD /* Model */,
				630F2C121D9BA82F00BDD3FD /* View */,
				630F2C0E1D9BA82F00BDD3FD /* Controller */,
				630F2C111D9BA82F00BDD3FD /* Tools */,
			);
			path = Classes;
			sourceTree = "<group>";
		};
		630F2C0E1D9BA82F00BDD3FD /* Controller */ = {
			isa = PBXGroup;
			children = (
				630F2C0F1D9BA82F00BDD3FD /* HomeViewController.swift */,
			);
			path = Controller;
			sourceTree = "<group>";
		};
		630F2C101D9BA82F00BDD3FD /* Model */ = {
			isa = PBXGroup;
			children = (
			);
			path = Model;
			sourceTree = "<group>";
		};
		630F2C111D9BA82F00BDD3FD /* Tools */ = {
			isa = PBXGroup;
			children = (
				630F2C141D9BA84A00BDD3FD /* NetworkTools.swift */,
			);
			path = Tools;
			sourceTree = "<group>";
		};
		630F2C121D9BA82F00BDD3FD /* View */ = {
			isa = PBXGroup;
			children = (
			);
			path = View;
			sourceTree = "<group>";
		};
		CB76F9DE70F881BB43CA62EE /* Frameworks */ = {
			isa = PBXGroup;
			children = (
				84894372760279A3FDF8FA43 /* Pods_News.framework */,
			);
			name = Frameworks;
			sourceTree = "<group>";
		};
/* End PBXGroup section */

/* Begin PBXNativeTarget section */
		630F2BF51D9B9BEC00BDD3FD /* News */ = {
			isa = PBXNativeTarget;
			buildConfigurationList = 630F2C081D9B9BEC00BDD3FD /* Build configuration list for PBXNativeTarget "News" */;
			buildPhases = (
				5D94F81CB6CC3A94381985CA /* 📦 Check Pods Manifest.lock */,
				630F2BF21D9B9BEC00BDD3FD /* Sources */,
				630F2BF31D9B9BEC00BDD3FD /* Frameworks */,
				630F2BF41D9B9BEC00BDD3FD /* Resources */,
				95C7B5165FE1CBCCED6A76CB /* 📦 Embed Pods Frameworks */,
				BA260866200BB67B81D58B43 /* 📦 Copy Pods Resources */,
			);
			buildRules = (
			);
			dependencies = (
			);
			name = News;
			productName = News;
			productReference = 630F2BF61D9B9BEC00BDD3FD /* News.app */;
			productType = "com.apple.product-type.application";
		};
/* End PBXNativeTarget section */

/* Begin PBXProject section */
		630F2BEE1D9B9BEC00BDD3FD /* Project object */ = {
			isa = PBXProject;
			attributes = {
				LastSwiftUpdateCheck = 0800;
				LastUpgradeCheck = 0800;
				ORGANIZATIONNAME = "小码哥";
				TargetAttributes = {
					630F2BF51D9B9BEC00BDD3FD = {
						CreatedOnToolsVersion = 8.0;
						ProvisioningStyle = Automatic;
					};
				};
			};
			buildConfigurationList = 630F2BF11D9B9BEC00BDD3FD /* Build configuration list for PBXProject "News" */;
			compatibilityVersion = "Xcode 3.2";
			developmentRegion = English;
			hasScannedForEncodings = 0;
			knownRegions = (
				en,
				Base,
			);
			mainGroup = 630F2BED1D9B9BEC00BDD3FD;
			productRefGroup = 630F2BF71D9B9BEC00BDD3FD /* Products */;
			projectDirPath = "";
			projectRoot = "";
			targets = (
				630F2BF51D9B9BEC00BDD3FD /* News */,
			);
		};
/* End PBXProject section */

/* Begin PBXResourcesBuildPhase section */
		630F2BF41D9B9BEC00BDD3FD /* Resources */ = {
			isa = PBXResourcesBuildPhase;
			buildActionMask = 2147483647;
			files = (
				630F2C041D9B9BEC00BDD3FD /* LaunchScreen.storyboard in Resources */,
				630F2C011D9B9BEC00BDD3FD /* Assets.xcassets in Resources */,
				630F2BFF1D9B9BEC00BDD3FD /* Main.storyboard in Resources */,
			);
			runOnlyForDeploymentPostprocessing = 0;
		};
/* End PBXResourcesBuildPhase section */

/* Begin PBXShellScriptBuildPhase section */
		5D94F81CB6CC3A94381985CA /* 📦 Check Pods Manifest.lock */ = {
			isa = PBXShellScriptBuildPhase;
			buildActionMask = 2147483647;
			files = (
			);
			inputPaths = (
			);
			name = "📦 Check Pods Manifest.lock";
			outputPaths = (
			);
			runOnlyForDeploymentPostprocessing = 0;
			shellPath = /bin/sh;
			shellScript = "diff \"${PODS_ROOT}/../Podfile.lock\" \"${PODS_ROOT}/Manifest.lock\" > /dev/null\nif [[ $? != 0 ]] ; then\n    cat << EOM\nerror: The sandbox is not in sync with the Podfile.lock. Run 'pod install' or update your CocoaPods installation.\nEOM\n    exit 1\nfi\n";
			showEnvVarsInLog = 0;
		};
		95C7B5165FE1CBCCED6A76CB /* 📦 Embed Pods Frameworks */ = {
			isa = PBXShellScriptBuildPhase;
			buildActionMask = 2147483647;
			files = (
			);
			inputPaths = (
			);
			name = "📦 Embed Pods Frameworks";
			outputPaths = (
			);
			runOnlyForDeploymentPostprocessing = 0;
			shellPath = /bin/sh;
			shellScript = "\"${SRCROOT}/Pods/Target Support Files/Pods-News/Pods-News-frameworks.sh\"\n";
			showEnvVarsInLog = 0;
		};
		BA260866200BB67B81D58B43 /* 📦 Copy Pods Resources */ = {
			isa = PBXShellScriptBuildPhase;
			buildActionMask = 2147483647;
			files = (
			);
			inputPaths = (
			);
			name = "📦 Copy Pods Resources";
			outputPaths = (
			);
			runOnlyForDeploymentPostprocessing = 0;
			shellPath = /bin/sh;
			shellScript = "\"${SRCROOT}/Pods/Target Support Files/Pods-News/Pods-News-resources.sh\"\n";
			showEnvVarsInLog = 0;
		};
/* End PBXShellScriptBuildPhase section */

/* Begin PBXSourcesBuildPhase section */
		630F2BF21D9B9BEC00BDD3FD /* Sources */ = {
			isa = PBXSourcesBuildPhase;
			buildActionMask = 2147483647;
			files = (
				630F2BFA1D9B9BEC00BDD3FD /* AppDelegate.swift in Sources */,
				630F2C131D9BA82F00BDD3FD /* HomeViewController.swift in Sources */,
				630F2C151D9BA84A00BDD3FD /* NetworkTools.swift in Sources */,
			);
			runOnlyForDeploymentPostprocessing = 0;
		};
/* End PBXSourcesBuildPhase section */

/* Begin PBXVariantGroup section */
		630F2BFD1D9B9BEC00BDD3FD /* Main.storyboard */ = {
			isa = PBXVariantGroup;
			children = (
				630F2BFE1D9B9BEC00BDD3FD /* Base */,
			);
			name = Main.storyboard;
			sourceTree = "<group>";
		};
		630F2C021D9B9BEC00BDD3FD /* LaunchScreen.storyboard */ = {
			isa = PBXVariantGroup;
			children = (
				630F2C031D9B9BEC00BDD3FD /* Base */,
			);
			name = LaunchScreen.storyboard;
			sourceTree = "<group>";
		};
/* End PBXVariantGroup section */

/* Begin XCBuildConfiguration section */
		630F2C061D9B9BEC00BDD3FD /* Debug */ = {
			isa = XCBuildConfiguration;
			buildSettings = {
				ALWAYS_SEARCH_USER_PATHS = NO;
				CLANG_ANALYZER_NONNULL = YES;
				CLANG_CXX_LANGUAGE_STANDARD = "gnu++0x";
				CLANG_CXX_LIBRARY = "libc++";
				CLANG_ENABLE_MODULES = YES;
				CLANG_ENABLE_OBJC_ARC = YES;
				CLANG_WARN_BOOL_CONVERSION = YES;
				CLANG_WARN_CONSTANT_CONVERSION = YES;
				CLANG_WARN_DIRECT_OBJC_ISA_USAGE = YES_ERROR;
				CLANG_WARN_DOCUMENTATION_COMMENTS = YES;
				CLANG_WARN_EMPTY_BODY = YES;
				CLANG_WARN_ENUM_CONVERSION = YES;
				CLANG_WARN_INFINITE_RECURSION = YES;
				CLANG_WARN_INT_CONVERSION = YES;
				CLANG_WARN_OBJC_ROOT_CLASS = YES_ERROR;
				CLANG_WARN_SUSPICIOUS_MOVES = YES;
				CLANG_WARN_UNREACHABLE_CODE = YES;
				CLANG_WARN__DUPLICATE_METHOD_MATCH = YES;
				"CODE_SIGN_IDENTITY[sdk=iphoneos*]" = "iPhone Developer";
				COPY_PHASE_STRIP = NO;
				DEBUG_INFORMATION_FORMAT = dwarf;
				ENABLE_STRICT_OBJC_MSGSEND = YES;
				ENABLE_TESTABILITY = YES;
				GCC_C_LANGUAGE_STANDARD = gnu99;
				GCC_DYNAMIC_NO_PIC = NO;
				GCC_NO_COMMON_BLOCKS = YES;
				GCC_OPTIMIZATION_LEVEL = 0;
				GCC_PREPROCESSOR_DEFINITIONS = (
					"DEBUG=1",
					"$(inherited)",
				);
				GCC_WARN_64_TO_32_BIT_CONVERSION = YES;
				GCC_WARN_ABOUT_RETURN_TYPE = YES_ERROR;
				GCC_WARN_UNDECLARED_SELECTOR = YES;
				GCC_WARN_UNINITIALIZED_AUTOS = YES_AGGRESSIVE;
				GCC_WARN_UNUSED_FUNCTION = YES;
				GCC_WARN_UNUSED_VARIABLE = YES;
				IPHONEOS_DEPLOYMENT_TARGET = 10.0;
				MTL_ENABLE_DEBUG_INFO = YES;
				ONLY_ACTIVE_ARCH = YES;
				SDKROOT = iphoneos;
				SWIFT_ACTIVE_COMPILATION_CONDITIONS = DEBUG;
				SWIFT_OPTIMIZATION_LEVEL = "-Onone";
			};
			name = Debug;
		};
		630F2C071D9B9BEC00BDD3FD /* Release */ = {
			isa = XCBuildConfiguration;
			buildSettings = {
				ALWAYS_SEARCH_USER_PATHS = NO;
				CLANG_ANALYZER_NONNULL = YES;
				CLANG_CXX_LANGUAGE_STANDARD = "gnu++0x";
				CLANG_CXX_LIBRARY = "libc++";
				CLANG_ENABLE_MODULES = YES;
				CLANG_ENABLE_OBJC_ARC = YES;
				CLANG_WARN_BOOL_CONVERSION = YES;
				CLANG_WARN_CONSTANT_CONVERSION = YES;
				CLANG_WARN_DIRECT_OBJC_ISA_USAGE = YES_ERROR;
				CLANG_WARN_DOCUMENTATION_COMMENTS = YES;
				CLANG_WARN_EMPTY_BODY = YES;
				CLANG_WARN_ENUM_CONVERSION = YES;
				CLANG_WARN_INFINITE_RECURSION = YES;
				CLANG_WARN_INT_CONVERSION = YES;
				CLANG_WARN_OBJC_ROOT_CLASS = YES_ERROR;
				CLANG_WARN_SUSPICIOUS_MOVES = YES;
				CLANG_WARN_UNREACHABLE_CODE = YES;
				CLANG_WARN__DUPLICATE_METHOD_MATCH = YES;
				"CODE_SIGN_IDENTITY[sdk=iphoneos*]" = "iPhone Developer";
				COPY_PHASE_STRIP = NO;
				DEBUG_INFORMATION_FORMAT = "dwarf-with-dsym";
				ENABLE_NS_ASSERTIONS = NO;
				ENABLE_STRICT_OBJC_MSGSEND = YES;
				GCC_C_LANGUAGE_STANDARD = gnu99;
				GCC_NO_COMMON_BLOCKS = YES;
				GCC_WARN_64_TO_32_BIT_CONVERSION = YES;
				GCC_WARN_ABOUT_RETURN_TYPE = YES_ERROR;
				GCC_WARN_UNDECLARED_SELECTOR = YES;
				GCC_WARN_UNINITIALIZED_AUTOS = YES_AGGRESSIVE;
				GCC_WARN_UNUSED_FUNCTION = YES;
				GCC_WARN_UNUSED_VARIABLE = YES;
				IPHONEOS_DEPLOYMENT_TARGET = 10.0;
				MTL_ENABLE_DEBUG_INFO = NO;
				SDKROOT = iphoneos;
				SWIFT_OPTIMIZATION_LEVEL = "-Owholemodule";
				VALIDATE_PRODUCT = YES;
			};
			name = Release;
		};
		630F2C091D9B9BEC00BDD3FD /* Debug */ = {
			isa = XCBuildConfiguration;
			baseConfigurationReference = F3866F1C71FC2BABA0559861 /* Pods-News.debug.xcconfig */;
			buildSettings = {
				ASSETCATALOG_COMPILER_APPICON_NAME = AppIcon;
				INFOPLIST_FILE = News/Info.plist;
				IPHONEOS_DEPLOYMENT_TARGET = 9.0;
				LD_RUNPATH_SEARCH_PATHS = "$(inherited) @executable_path/Frameworks";
				PRODUCT_BUNDLE_IDENTIFIER = com.520it.News;
				PRODUCT_NAME = "$(TARGET_NAME)";
				SWIFT_VERSION = 3.0;
			};
			name = Debug;
		};
		630F2C0A1D9B9BEC00BDD3FD /* Release */ = {
			isa = XCBuildConfiguration;
			baseConfigurationReference = 1BC44A80E6BFC3E2F30B60CF /* Pods-News.release.xcconfig */;
			buildSettings = {
				ASSETCATALOG_COMPILER_APPICON_NAME = AppIcon;
				INFOPLIST_FILE = News/Info.plist;
				IPHONEOS_DEPLOYMENT_TARGET = 9.0;
				LD_RUNPATH_SEARCH_PATHS = "$(inherited) @executable_path/Frameworks";
				PRODUCT_BUNDLE_IDENTIFIER = com.520it.News;
				PRODUCT_NAME = "$(TARGET_NAME)";
				SWIFT_VERSION = 3.0;
			};
			name = Release;
		};
/* End XCBuildConfiguration section */

/* Begin XCConfigurationList section */
		630F2BF11D9B9BEC00BDD3FD /* Build configuration list for PBXProject "News" */ = {
			isa = XCConfigurationList;
			buildConfigurations = (
				630F2C061D9B9BEC00BDD3FD /* Debug */,
				630F2C071D9B9BEC00BDD3FD /* Release */,
			);
			defaultConfigurationIsVisible = 0;
			defaultConfigurationName = Release;
		};
		630F2C081D9B9BEC00BDD3FD /* Build configuration list for PBXNativeTarget "News" */ = {
			isa = XCConfigurationList;
			buildConfigurations = (
				630F2C091D9B9BEC00BDD3FD /* Debug */,
				630F2C0A1D9B9BEC00BDD3FD /* Release */,
			);
			defaultConfigurationIsVisible = 0;
			defaultConfigurationName = Release;
		};
/* End XCConfigurationList section */
	};
	rootObject = 630F2BEE1D9B9BEC00BDD3FD /* Project object */;
}
