// !$*UTF8*$!
{
	archiveVersion = 1;
	classes = {
	};
	objectVersion = 46;
	objects = {

/* Begin PBXBuildFile section */
		630F2BDC1D9B5B0900BDD3FD /* AppDelegate.swift in Sources */ = {isa = PBXBuildFile; fileRef = 630F2BDB1D9B5B0900BDD3FD /* AppDelegate.swift */; };
		630F2BDE1D9B5B0900BDD3FD /* ViewController.swift in Sources */ = {isa = PBXBuildFile; fileRef = 630F2BDD1D9B5B0900BDD3FD /* ViewController.swift */; };
		630F2BE11D9B5B0900BDD3FD /* Main.storyboard in Resources */ = {isa = PBXBuildFile; fileRef = 630F2BDF1D9B5B0900BDD3FD /* Main.storyboard */; };
		630F2BE31D9B5B0900BDD3FD /* Assets.xcassets in Resources */ = {isa = PBXBuildFile; fileRef = 630F2BE21D9B5B0900BDD3FD /* Assets.xcassets */; };
		630F2BE61D9B5B0900BDD3FD /* LaunchScreen.storyboard in Resources */ = {isa = PBXBuildFile; fileRef = 630F2BE41D9B5B0900BDD3FD /* LaunchScreen.storyboard */; };
/* End PBXBuildFile section */

/* Begin PBXFileReference section */
		630F2BD81D9B5B0900BDD3FD /* 05-访问权限.app */ = {isa = PBXFileReference; explicitFileType = wrapper.application; includeInIndex = 0; path = "05-访问权限.app"; sourceTree = BUILT_PRODUCTS_DIR; };
		630F2BDB1D9B5B0900BDD3FD /* AppDelegate.swift */ = {isa = PBXFileReference; lastKnownFileType = sourcecode.swift; path = AppDelegate.swift; sourceTree = "<group>"; };
		630F2BDD1D9B5B0900BDD3FD /* ViewController.swift */ = {isa = PBXFileReference; lastKnownFileType = sourcecode.swift; path = ViewController.swift; sourceTree = "<group>"; };
		630F2BE01D9B5B0900BDD3FD /* Base */ = {isa = PBXFileReference; lastKnownFileType = file.storyboard; name = Base; path = Base.lproj/Main.storyboard; sourceTree = "<group>"; };
		630F2BE21D9B5B0900BDD3FD /* Assets.xcassets */ = {isa = PBXFileReference; lastKnownFileType = folder.assetcatalog; path = Assets.xcassets; sourceTree = "<group>"; };
		630F2BE51D9B5B0900BDD3FD /* Base */ = {isa = PBXFileReference; lastKnownFileType = file.storyboard; name = Base; path = Base.lproj/LaunchScreen.storyboard; sourceTree = "<group>"; };
		630F2BE71D9B5B0A00BDD3FD /* Info.plist */ = {isa = PBXFileReference; lastKnownFileType = text.plist.xml; path = Info.plist; sourceTree = "<group>"; };
/* End PBXFileReference section */

/* Begin PBXFrameworksBuildPhase section */
		630F2BD51D9B5B0900BDD3FD /* Frameworks */ = {
			isa = PBXFrameworksBuildPhase;
			buildActionMask = 2147483647;
			files = (
			);
			runOnlyForDeploymentPostprocessing = 0;
		};
/* End PBXFrameworksBuildPhase section */

/* Begin PBXGroup section */
		630F2BCF1D9B5B0900BDD3FD = {
			isa = PBXGroup;
			children = (
				630F2BDA1D9B5B0900BDD3FD /* 05-访问权限 */,
				630F2BD91D9B5B0900BDD3FD /* Products */,
			);
			sourceTree = "<group>";
		};
		630F2BD91D9B5B0900BDD3FD /* Products */ = {
			isa = PBXGroup;
			children = (
				630F2BD81D9B5B0900BDD3FD /* 05-访问权限.app */,
			);
			name = Products;
			sourceTree = "<group>";
		};
		630F2BDA1D9B5B0900BDD3FD /* 05-访问权限 */ = {
			isa = PBXGroup;
			children = (
				630F2BDB1D9B5B0900BDD3FD /* AppDelegate.swift */,
				630F2BDD1D9B5B0900BDD3FD /* ViewController.swift */,
				630F2BDF1D9B5B0900BDD3FD /* Main.storyboard */,
				630F2BE21D9B5B0900BDD3FD /* Assets.xcassets */,
				630F2BE41D9B5B0900BDD3FD /* LaunchScreen.storyboard */,
				630F2BE71D9B5B0A00BDD3FD /* Info.plist */,
			);
			path = "05-访问权限";
			sourceTree = "<group>";
		};
/* End PBXGroup section */

/* Begin PBXNativeTarget section */
		630F2BD71D9B5B0900BDD3FD /* 05-访问权限 */ = {
			isa = PBXNativeTarget;
			buildConfigurationList = 630F2BEA1D9B5B0A00BDD3FD /* Build configuration list for PBXNativeTarget "05-访问权限" */;
			buildPhases = (
				630F2BD41D9B5B0900BDD3FD /* Sources */,
				630F2BD51D9B5B0900BDD3FD /* Frameworks */,
				630F2BD61D9B5B0900BDD3FD /* Resources */,
			);
			buildRules = (
			);
			dependencies = (
			);
			name = "05-访问权限";
			productName = "05-访问权限";
			productReference = 630F2BD81D9B5B0900BDD3FD /* 05-访问权限.app */;
			productType = "com.apple.product-type.application";
		};
/* End PBXNativeTarget section */

/* Begin PBXProject section */
		630F2BD01D9B5B0900BDD3FD /* Project object */ = {
			isa = PBXProject;
			attributes = {
				LastSwiftUpdateCheck = 0800;
				LastUpgradeCheck = 0800;
				ORGANIZATIONNAME = "小码哥";
				TargetAttributes = {
					630F2BD71D9B5B0900BDD3FD = {
						CreatedOnToolsVersion = 8.0;
						ProvisioningStyle = Automatic;
					};
				};
			};
			buildConfigurationList = 630F2BD31D9B5B0900BDD3FD /* Build configuration list for PBXProject "05-访问权限" */;
			compatibilityVersion = "Xcode 3.2";
			developmentRegion = English;
			hasScannedForEncodings = 0;
			knownRegions = (
				en,
				Base,
			);
			mainGroup = 630F2BCF1D9B5B0900BDD3FD;
			productRefGroup = 630F2BD91D9B5B0900BDD3FD /* Products */;
			projectDirPath = "";
			projectRoot = "";
			targets = (
				630F2BD71D9B5B0900BDD3FD /* 05-访问权限 */,
			);
		};
/* End PBXProject section */

/* Begin PBXResourcesBuildPhase section */
		630F2BD61D9B5B0900BDD3FD /* Resources */ = {
			isa = PBXResourcesBuildPhase;
			buildActionMask = 2147483647;
			files = (
				630F2BE61D9B5B0900BDD3FD /* LaunchScreen.storyboard in Resources */,
				630F2BE31D9B5B0900BDD3FD /* Assets.xcassets in Resources */,
				630F2BE11D9B5B0900BDD3FD /* Main.storyboard in Resources */,
			);
			runOnlyForDeploymentPostprocessing = 0;
		};
/* End PBXResourcesBuildPhase section */

/* Begin PBXSourcesBuildPhase section */
		630F2BD41D9B5B0900BDD3FD /* Sources */ = {
			isa = PBXSourcesBuildPhase;
			buildActionMask = 2147483647;
			files = (
				630F2BDE1D9B5B0900BDD3FD /* ViewController.swift in Sources */,
				630F2BDC1D9B5B0900BDD3FD /* AppDelegate.swift in Sources */,
			);
			runOnlyForDeploymentPostprocessing = 0;
		};
/* End PBXSourcesBuildPhase section */

/* Begin PBXVariantGroup section */
		630F2BDF1D9B5B0900BDD3FD /* Main.storyboard */ = {
			isa = PBXVariantGroup;
			children = (
				630F2BE01D9B5B0900BDD3FD /* Base */,
			);
			name = Main.storyboard;
			sourceTree = "<group>";
		};
		630F2BE41D9B5B0900BDD3FD /* LaunchScreen.storyboard */ = {
			isa = PBXVariantGroup;
			children = (
				630F2BE51D9B5B0900BDD3FD /* Base */,
			);
			name = LaunchScreen.storyboard;
			sourceTree = "<group>";
		};
/* End PBXVariantGroup section */

/* Begin XCBuildConfiguration section */
		630F2BE81D9B5B0A00BDD3FD /* Debug */ = {
			isa = XCBuildConfiguration;
			buildSettings = {
				ALWAYS_SEARCH_USER_PATHS = NO;
				CLANG_ANALYZER_NONNULL = YES;
				CLANG_CXX_LANGUAGE_STANDARD = "gnu++0x";
				CLANG_CXX_LIBRARY = "libc++";
				CLANG_ENABLE_MODULES = YES;
				CLANG_ENABLE_OBJC_ARC = YES;
				CLANG_WARN_BOOL_CONVERSION = YES;
				CLANG_WARN_CONSTANT_CONVERSION = YES;
				CLANG_WARN_DIRECT_OBJC_ISA_USAGE = YES_ERROR;
				CLANG_WARN_DOCUMENTATION_COMMENTS = YES;
				CLANG_WARN_EMPTY_BODY = YES;
				CLANG_WARN_ENUM_CONVERSION = YES;
				CLANG_WARN_INFINITE_RECURSION = YES;
				CLANG_WARN_INT_CONVERSION = YES;
				CLANG_WARN_OBJC_ROOT_CLASS = YES_ERROR;
				CLANG_WARN_SUSPICIOUS_MOVES = YES;
				CLANG_WARN_UNREACHABLE_CODE = YES;
				CLANG_WARN__DUPLICATE_METHOD_MATCH = YES;
				"CODE_SIGN_IDENTITY[sdk=iphoneos*]" = "iPhone Developer";
				COPY_PHASE_STRIP = NO;
				DEBUG_INFORMATION_FORMAT = dwarf;
				ENABLE_STRICT_OBJC_MSGSEND = YES;
				ENABLE_TESTABILITY = YES;
				GCC_C_LANGUAGE_STANDARD = gnu99;
				GCC_DYNAMIC_NO_PIC = NO;
				GCC_NO_COMMON_BLOCKS = YES;
				GCC_OPTIMIZATION_LEVEL = 0;
				GCC_PREPROCESSOR_DEFINITIONS = (
					"DEBUG=1",
					"$(inherited)",
				);
				GCC_WARN_64_TO_32_BIT_CONVERSION = YES;
				GCC_WARN_ABOUT_RETURN_TYPE = YES_ERROR;
				GCC_WARN_UNDECLARED_SELECTOR = YES;
				GCC_WARN_UNINITIALIZED_AUTOS = YES_AGGRESSIVE;
				GCC_WARN_UNUSED_FUNCTION = YES;
				GCC_WARN_UNUSED_VARIABLE = YES;
				IPHONEOS_DEPLOYMENT_TARGET = 10.0;
				MTL_ENABLE_DEBUG_INFO = YES;
				ONLY_ACTIVE_ARCH = YES;
				SDKROOT = iphoneos;
				SWIFT_ACTIVE_COMPILATION_CONDITIONS = DEBUG;
				SWIFT_OPTIMIZATION_LEVEL = "-Onone";
			};
			name = Debug;
		};
		630F2BE91D9B5B0A00BDD3FD /* Release */ = {
			isa = XCBuildConfiguration;
			buildSettings = {
				ALWAYS_SEARCH_USER_PATHS = NO;
				CLANG_ANALYZER_NONNULL = YES;
				CLANG_CXX_LANGUAGE_STANDARD = "gnu++0x";
				CLANG_CXX_LIBRARY = "libc++";
				CLANG_ENABLE_MODULES = YES;
				CLANG_ENABLE_OBJC_ARC = YES;
				CLANG_WARN_BOOL_CONVERSION = YES;
				CLANG_WARN_CONSTANT_CONVERSION = YES;
				CLANG_WARN_DIRECT_OBJC_ISA_USAGE = YES_ERROR;
				CLANG_WARN_DOCUMENTATION_COMMENTS = YES;
				CLANG_WARN_EMPTY_BODY = YES;
				CLANG_WARN_ENUM_CONVERSION = YES;
				CLANG_WARN_INFINITE_RECURSION = YES;
				CLANG_WARN_INT_CONVERSION = YES;
				CLANG_WARN_OBJC_ROOT_CLASS = YES_ERROR;
				CLANG_WARN_SUSPICIOUS_MOVES = YES;
				CLANG_WARN_UNREACHABLE_CODE = YES;
				CLANG_WARN__DUPLICATE_METHOD_MATCH = YES;
				"CODE_SIGN_IDENTITY[sdk=iphoneos*]" = "iPhone Developer";
				COPY_PHASE_STRIP = NO;
				DEBUG_INFORMATION_FORMAT = "dwarf-with-dsym";
				ENABLE_NS_ASSERTIONS = NO;
				ENABLE_STRICT_OBJC_MSGSEND = YES;
				GCC_C_LANGUAGE_STANDARD = gnu99;
				GCC_NO_COMMON_BLOCKS = YES;
				GCC_WARN_64_TO_32_BIT_CONVERSION = YES;
				GCC_WARN_ABOUT_RETURN_TYPE = YES_ERROR;
				GCC_WARN_UNDECLARED_SELECTOR = YES;
				GCC_WARN_UNINITIALIZED_AUTOS = YES_AGGRESSIVE;
				GCC_WARN_UNUSED_FUNCTION = YES;
				GCC_WARN_UNUSED_VARIABLE = YES;
				IPHONEOS_DEPLOYMENT_TARGET = 10.0;
				MTL_ENABLE_DEBUG_INFO = NO;
				SDKROOT = iphoneos;
				SWIFT_OPTIMIZATION_LEVEL = "-Owholemodule";
				VALIDATE_PRODUCT = YES;
			};
			name = Release;
		};
		630F2BEB1D9B5B0A00BDD3FD /* Debug */ = {
			isa = XCBuildConfiguration;
			buildSettings = {
				ASSETCATALOG_COMPILER_APPICON_NAME = AppIcon;
				INFOPLIST_FILE = "05-访问权限/Info.plist";
				LD_RUNPATH_SEARCH_PATHS = "$(inherited) @executable_path/Frameworks";
				PRODUCT_BUNDLE_IDENTIFIER = "com.520it.-5-----";
				PRODUCT_NAME = "$(TARGET_NAME)";
				SWIFT_VERSION = 3.0;
			};
			name = Debug;
		};
		630F2BEC1D9B5B0A00BDD3FD /* Release */ = {
			isa = XCBuildConfiguration;
			buildSettings = {
				ASSETCATALOG_COMPILER_APPICON_NAME = AppIcon;
				INFOPLIST_FILE = "05-访问权限/Info.plist";
				LD_RUNPATH_SEARCH_PATHS = "$(inherited) @executable_path/Frameworks";
				PRODUCT_BUNDLE_IDENTIFIER = "com.520it.-5-----";
				PRODUCT_NAME = "$(TARGET_NAME)";
				SWIFT_VERSION = 3.0;
			};
			name = Release;
		};
/* End XCBuildConfiguration section */

/* Begin XCConfigurationList section */
		630F2BD31D9B5B0900BDD3FD /* Build configuration list for PBXProject "05-访问权限" */ = {
			isa = XCConfigurationList;
			buildConfigurations = (
				630F2BE81D9B5B0A00BDD3FD /* Debug */,
				630F2BE91D9B5B0A00BDD3FD /* Release */,
			);
			defaultConfigurationIsVisible = 0;
			defaultConfigurationName = Release;
		};
		630F2BEA1D9B5B0A00BDD3FD /* Build configuration list for PBXNativeTarget "05-访问权限" */ = {
			isa = XCConfigurationList;
			buildConfigurations = (
				630F2BEB1D9B5B0A00BDD3FD /* Debug */,
				630F2BEC1D9B5B0A00BDD3FD /* Release */,
			);
			defaultConfigurationIsVisible = 0;
		};
/* End XCConfigurationList section */
	};
	rootObject = 630F2BD01D9B5B0900BDD3FD /* Project object */;
}
